// !$*UTF8*$!
{
	archiveVersion = 1;
	classes = {
	};
	objectVersion = 55;
	objects = {

/* Begin PBXBuildFile section */
		D305CE9027EF1781006BCEBA /* AppDelegate.swift in Sources */ = {isa = PBXBuildFile; fileRef = D305CE8F27EF1781006BCEBA /* AppDelegate.swift */; };
		D305CE9227EF1781006BCEBA /* SceneDelegate.swift in Sources */ = {isa = PBXBuildFile; fileRef = D305CE9127EF1781006BCEBA /* SceneDelegate.swift */; };
		D305CE9927EF1784006BCEBA /* Assets.xcassets in Resources */ = {isa = PBXBuildFile; fileRef = D305CE9827EF1784006BCEBA /* Assets.xcassets */; };
		D305CEA727F058B1006BCEBA /* LaunchScreen.storyboard in Resources */ = {isa = PBXBuildFile; fileRef = D305CEA627F058B1006BCEBA /* LaunchScreen.storyboard */; };
		D31940DB27F2DB9A007631AB /* AppColors.swift in Sources */ = {isa = PBXBuildFile; fileRef = D31940DA27F2DB9A007631AB /* AppColors.swift */; };
		D31940DD27F2DD52007631AB /* BaseLabelView.swift in Sources */ = {isa = PBXBuildFile; fileRef = D31940DC27F2DD52007631AB /* BaseLabelView.swift */; };
		D31AFF5927F4F548007C0E9E /* AllertTitleLocolizable.strings in Resources */ = {isa = PBXBuildFile; fileRef = D31AFF5B27F4F548007C0E9E /* AllertTitleLocolizable.strings */; };
		D31AFF5F27F4F8D6007C0E9E /* AllertMessageLocolizable.strings in Resources */ = {isa = PBXBuildFile; fileRef = D31AFF6127F4F8D6007C0E9E /* AllertMessageLocolizable.strings */; };
		D31AFF6327F4FAB1007C0E9E /* AuthErrorType.swift in Sources */ = {isa = PBXBuildFile; fileRef = D31AFF6227F4FAB1007C0E9E /* AuthErrorType.swift */; };
		D31AFF6727F59AAE007C0E9E /* MainVC.swift in Sources */ = {isa = PBXBuildFile; fileRef = D31AFF6627F59AAE007C0E9E /* MainVC.swift */; };
		D31AFF6B27F59ABF007C0E9E /* MainModel.swift in Sources */ = {isa = PBXBuildFile; fileRef = D31AFF6A27F59ABF007C0E9E /* MainModel.swift */; };
		D31AFF6D27F59FB0007C0E9E /* MainCellView.swift in Sources */ = {isa = PBXBuildFile; fileRef = D31AFF6C27F59FB0007C0E9E /* MainCellView.swift */; };
		D31AFF6F27F5E8C1007C0E9E /* PhotosGetResponseStruct.swift in Sources */ = {isa = PBXBuildFile; fileRef = D31AFF6E27F5E8C1007C0E9E /* PhotosGetResponseStruct.swift */; };
		D31AFF7127F5F1F1007C0E9E /* Photo.swift in Sources */ = {isa = PBXBuildFile; fileRef = D31AFF7027F5F1F1007C0E9E /* Photo.swift */; };
		D31AFF7527F645F9007C0E9E /* LogoutDelegate.swift in Sources */ = {isa = PBXBuildFile; fileRef = D31AFF7427F645F9007C0E9E /* LogoutDelegate.swift */; };
		D332804527F4BE4D004BABE9 /* UserSettings.swift in Sources */ = {isa = PBXBuildFile; fileRef = D332804427F4BE4D004BABE9 /* UserSettings.swift */; };
		D35F53F627F4B3BD00DB65A8 /* AuthViewControllerDelegate.swift in Sources */ = {isa = PBXBuildFile; fileRef = D35F53F527F4B3BD00DB65A8 /* AuthViewControllerDelegate.swift */; };
		D35F53F827F4B46300DB65A8 /* LoginModel.swift in Sources */ = {isa = PBXBuildFile; fileRef = D35F53F727F4B46300DB65A8 /* LoginModel.swift */; };
		D390311F27F3A50A0048B8B8 /* AuthVC.swift in Sources */ = {isa = PBXBuildFile; fileRef = D390311E27F3A50A0048B8B8 /* AuthVC.swift */; };
		D39553EC27F47391009B9343 /* AuthModel.swift in Sources */ = {isa = PBXBuildFile; fileRef = D39553EB27F47391009B9343 /* AuthModel.swift */; };
		D39553EE27F47A69009B9343 /* VCExtension.swift in Sources */ = {isa = PBXBuildFile; fileRef = D39553ED27F47A69009B9343 /* VCExtension.swift */; };
		D3A65CFB27F1BD1100C6E9FC /* GeneralConstants.swift in Sources */ = {isa = PBXBuildFile; fileRef = D3A65CFA27F1BD1000C6E9FC /* GeneralConstants.swift */; };
		D3A65D0027F1BDF700C6E9FC /* ButtonLabelLocalizable.strings in Resources */ = {isa = PBXBuildFile; fileRef = D3A65D0227F1BDF700C6E9FC /* ButtonLabelLocalizable.strings */; };
		D3A65D0727F1C2A900C6E9FC /* LoginView.swift in Sources */ = {isa = PBXBuildFile; fileRef = D3A65D0627F1C2A900C6E9FC /* LoginView.swift */; };
		D3A65D0B27F209CB00C6E9FC /* MainNVC.swift in Sources */ = {isa = PBXBuildFile; fileRef = D3A65D0A27F209CB00C6E9FC /* MainNVC.swift */; };
		D3A65D0D27F20A2200C6E9FC /* LoginVC.swift in Sources */ = {isa = PBXBuildFile; fileRef = D3A65D0C27F20A2200C6E9FC /* LoginVC.swift */; };
		F3F43D7AAC8D852749F37DED /* Pods_mobile_up_gallery.framework in Frameworks */ = {isa = PBXBuildFile; fileRef = 16AF1F36EDDBAC68CDC73E61 /* Pods_mobile_up_gallery.framework */; };
/* End PBXBuildFile section */

/* Begin PBXFileReference section */
		148D90A12DB9BA05A6B33D22 /* Pods-mobile-up-gallery.debug.xcconfig */ = {isa = PBXFileReference; includeInIndex = 1; lastKnownFileType = text.xcconfig; name = "Pods-mobile-up-gallery.debug.xcconfig"; path = "Target Support Files/Pods-mobile-up-gallery/Pods-mobile-up-gallery.debug.xcconfig"; sourceTree = "<group>"; };
		16AF1F36EDDBAC68CDC73E61 /* Pods_mobile_up_gallery.framework */ = {isa = PBXFileReference; explicitFileType = wrapper.framework; includeInIndex = 0; path = Pods_mobile_up_gallery.framework; sourceTree = BUILT_PRODUCTS_DIR; };
		61315178DFB06FAC81462CC1 /* Pods-mobile-up-gallery.release.xcconfig */ = {isa = PBXFileReference; includeInIndex = 1; lastKnownFileType = text.xcconfig; name = "Pods-mobile-up-gallery.release.xcconfig"; path = "Target Support Files/Pods-mobile-up-gallery/Pods-mobile-up-gallery.release.xcconfig"; sourceTree = "<group>"; };
		D305CE8C27EF1781006BCEBA /* mobile-up-gallery.app */ = {isa = PBXFileReference; explicitFileType = wrapper.application; includeInIndex = 0; path = "mobile-up-gallery.app"; sourceTree = BUILT_PRODUCTS_DIR; };
		D305CE8F27EF1781006BCEBA /* AppDelegate.swift */ = {isa = PBXFileReference; lastKnownFileType = sourcecode.swift; path = AppDelegate.swift; sourceTree = "<group>"; };
		D305CE9127EF1781006BCEBA /* SceneDelegate.swift */ = {isa = PBXFileReference; lastKnownFileType = sourcecode.swift; path = SceneDelegate.swift; sourceTree = "<group>"; };
		D305CE9827EF1784006BCEBA /* Assets.xcassets */ = {isa = PBXFileReference; lastKnownFileType = folder.assetcatalog; path = Assets.xcassets; sourceTree = "<group>"; };
		D305CE9D27EF1784006BCEBA /* Info.plist */ = {isa = PBXFileReference; lastKnownFileType = text.plist.xml; path = Info.plist; sourceTree = "<group>"; };
		D305CEA627F058B1006BCEBA /* LaunchScreen.storyboard */ = {isa = PBXFileReference; lastKnownFileType = file.storyboard; path = LaunchScreen.storyboard; sourceTree = "<group>"; };
		D31940DA27F2DB9A007631AB /* AppColors.swift */ = {isa = PBXFileReference; lastKnownFileType = sourcecode.swift; path = AppColors.swift; sourceTree = "<group>"; };
		D31940DC27F2DD52007631AB /* BaseLabelView.swift */ = {isa = PBXFileReference; lastKnownFileType = sourcecode.swift; path = BaseLabelView.swift; sourceTree = "<group>"; };
		D31AFF5A27F4F548007C0E9E /* en */ = {isa = PBXFileReference; lastKnownFileType = text.plist.strings; name = en; path = en.lproj/AllertTitleLocolizable.strings; sourceTree = "<group>"; };
		D31AFF5C27F4F54A007C0E9E /* ru */ = {isa = PBXFileReference; lastKnownFileType = text.plist.strings; name = ru; path = ru.lproj/AllertTitleLocolizable.strings; sourceTree = "<group>"; };
		D31AFF6027F4F8D6007C0E9E /* en */ = {isa = PBXFileReference; lastKnownFileType = text.plist.strings; name = en; path = en.lproj/AllertMessageLocolizable.strings; sourceTree = "<group>"; };
		D31AFF6227F4FAB1007C0E9E /* AuthErrorType.swift */ = {isa = PBXFileReference; lastKnownFileType = sourcecode.swift; path = AuthErrorType.swift; sourceTree = "<group>"; };
		D31AFF6427F4FC0A007C0E9E /* ru */ = {isa = PBXFileReference; lastKnownFileType = text.plist.strings; name = ru; path = ru.lproj/AllertMessageLocolizable.strings; sourceTree = "<group>"; };
		D31AFF6627F59AAE007C0E9E /* MainVC.swift */ = {isa = PBXFileReference; lastKnownFileType = sourcecode.swift; path = MainVC.swift; sourceTree = "<group>"; };
		D31AFF6A27F59ABF007C0E9E /* MainModel.swift */ = {isa = PBXFileReference; lastKnownFileType = sourcecode.swift; path = MainModel.swift; sourceTree = "<group>"; };
		D31AFF6C27F59FB0007C0E9E /* MainCellView.swift */ = {isa = PBXFileReference; lastKnownFileType = sourcecode.swift; path = MainCellView.swift; sourceTree = "<group>"; };
		D31AFF6E27F5E8C1007C0E9E /* PhotosGetResponseStruct.swift */ = {isa = PBXFileReference; lastKnownFileType = sourcecode.swift; path = PhotosGetResponseStruct.swift; sourceTree = "<group>"; };
		D31AFF7027F5F1F1007C0E9E /* Photo.swift */ = {isa = PBXFileReference; lastKnownFileType = sourcecode.swift; path = Photo.swift; sourceTree = "<group>"; };
		D31AFF7427F645F9007C0E9E /* LogoutDelegate.swift */ = {isa = PBXFileReference; lastKnownFileType = sourcecode.swift; path = LogoutDelegate.swift; sourceTree = "<group>"; };
		D332804427F4BE4D004BABE9 /* UserSettings.swift */ = {isa = PBXFileReference; lastKnownFileType = sourcecode.swift; path = UserSettings.swift; sourceTree = "<group>"; };
		D35F53F527F4B3BD00DB65A8 /* AuthViewControllerDelegate.swift */ = {isa = PBXFileReference; lastKnownFileType = sourcecode.swift; path = AuthViewControllerDelegate.swift; sourceTree = "<group>"; };
		D35F53F727F4B46300DB65A8 /* LoginModel.swift */ = {isa = PBXFileReference; lastKnownFileType = sourcecode.swift; path = LoginModel.swift; sourceTree = "<group>"; };
		D390311E27F3A50A0048B8B8 /* AuthVC.swift */ = {isa = PBXFileReference; lastKnownFileType = sourcecode.swift; path = AuthVC.swift; sourceTree = "<group>"; };
		D39553EB27F47391009B9343 /* AuthModel.swift */ = {isa = PBXFileReference; lastKnownFileType = sourcecode.swift; path = AuthModel.swift; sourceTree = "<group>"; };
		D39553ED27F47A69009B9343 /* VCExtension.swift */ = {isa = PBXFileReference; lastKnownFileType = sourcecode.swift; path = VCExtension.swift; sourceTree = "<group>"; };
		D3A65CFA27F1BD1000C6E9FC /* GeneralConstants.swift */ = {isa = PBXFileReference; lastKnownFileType = sourcecode.swift; path = GeneralConstants.swift; sourceTree = "<group>"; };
		D3A65D0127F1BDF700C6E9FC /* en */ = {isa = PBXFileReference; lastKnownFileType = text.plist.strings; name = en; path = en.lproj/ButtonLabelLocalizable.strings; sourceTree = "<group>"; };
		D3A65D0327F1BDF800C6E9FC /* ru */ = {isa = PBXFileReference; lastKnownFileType = text.plist.strings; name = ru; path = ru.lproj/ButtonLabelLocalizable.strings; sourceTree = "<group>"; };
		D3A65D0627F1C2A900C6E9FC /* LoginView.swift */ = {isa = PBXFileReference; lastKnownFileType = sourcecode.swift; path = LoginView.swift; sourceTree = "<group>"; };
		D3A65D0A27F209CB00C6E9FC /* MainNVC.swift */ = {isa = PBXFileReference; fileEncoding = 4; lastKnownFileType = sourcecode.swift; path = MainNVC.swift; sourceTree = "<group>"; };
		D3A65D0C27F20A2200C6E9FC /* LoginVC.swift */ = {isa = PBXFileReference; lastKnownFileType = sourcecode.swift; path = LoginVC.swift; sourceTree = "<group>"; };
/* End PBXFileReference section */

/* Begin PBXFrameworksBuildPhase section */
		D305CE8927EF1781006BCEBA /* Frameworks */ = {
			isa = PBXFrameworksBuildPhase;
			buildActionMask = 2147483647;
			files = (
				F3F43D7AAC8D852749F37DED /* Pods_mobile_up_gallery.framework in Frameworks */,
			);
			runOnlyForDeploymentPostprocessing = 0;
		};
/* End PBXFrameworksBuildPhase section */

/* Begin PBXGroup section */
		A9292DBF44BBDE7C19C7140B /* Frameworks */ = {
			isa = PBXGroup;
			children = (
				16AF1F36EDDBAC68CDC73E61 /* Pods_mobile_up_gallery.framework */,
			);
			name = Frameworks;
			sourceTree = "<group>";
		};
		D305CE8327EF1781006BCEBA = {
			isa = PBXGroup;
			children = (
				D305CE8E27EF1781006BCEBA /* mobile-up-gallery */,
				D305CE8D27EF1781006BCEBA /* Products */,
				E524DE1C7F2025F64C93C354 /* Pods */,
				A9292DBF44BBDE7C19C7140B /* Frameworks */,
			);
			sourceTree = "<group>";
		};
		D305CE8D27EF1781006BCEBA /* Products */ = {
			isa = PBXGroup;
			children = (
				D305CE8C27EF1781006BCEBA /* mobile-up-gallery.app */,
			);
			name = Products;
			sourceTree = "<group>";
		};
		D305CE8E27EF1781006BCEBA /* mobile-up-gallery */ = {
			isa = PBXGroup;
			children = (
				D305CE8F27EF1781006BCEBA /* AppDelegate.swift */,
				D305CE9127EF1781006BCEBA /* SceneDelegate.swift */,
				D3A65CF527F1B9C900C6E9FC /* Resources */,
				D305CEA327EF1A2C006BCEBA /* UI */,
				D332804327F4BE25004BABE9 /* Model */,
				D305CE9827EF1784006BCEBA /* Assets.xcassets */,
				D305CE9D27EF1784006BCEBA /* Info.plist */,
			);
			path = "mobile-up-gallery";
			sourceTree = "<group>";
		};
		D305CEA327EF1A2C006BCEBA /* UI */ = {
			isa = PBXGroup;
			children = (
				D305CEA627F058B1006BCEBA /* LaunchScreen.storyboard */,
				D31940DA27F2DB9A007631AB /* AppColors.swift */,
				D3A65D0A27F209CB00C6E9FC /* MainNVC.swift */,
				D31AFF6527F59A8F007C0E9E /* MainScreen */,
				D3A65D0827F1C2C600C6E9FC /* LoginScreen */,
				D3A65D0927F1C2D000C6E9FC /* Protocol */,
				D39553EF27F47A88009B9343 /* Extension */,
				D31940DE27F2E038007631AB /* BaseView */,
			);
			path = UI;
			sourceTree = "<group>";
		};
		D31940DE27F2E038007631AB /* BaseView */ = {
			isa = PBXGroup;
			children = (
				D31940DC27F2DD52007631AB /* BaseLabelView.swift */,
			);
			path = BaseView;
			sourceTree = "<group>";
		};
		D31AFF6527F59A8F007C0E9E /* MainScreen */ = {
			isa = PBXGroup;
			children = (
				D31AFF6627F59AAE007C0E9E /* MainVC.swift */,
				D31AFF6A27F59ABF007C0E9E /* MainModel.swift */,
				D31AFF6C27F59FB0007C0E9E /* MainCellView.swift */,
			);
			path = MainScreen;
			sourceTree = "<group>";
		};
		D332803F27F4B720004BABE9 /* LoginMVC */ = {
			isa = PBXGroup;
			children = (
				D35F53F727F4B46300DB65A8 /* LoginModel.swift */,
				D3A65D0627F1C2A900C6E9FC /* LoginView.swift */,
				D3A65D0C27F20A2200C6E9FC /* LoginVC.swift */,
			);
			path = LoginMVC;
			sourceTree = "<group>";
		};
		D332804027F4B739004BABE9 /* AuthMVC */ = {
			isa = PBXGroup;
			children = (
				D390311E27F3A50A0048B8B8 /* AuthVC.swift */,
				D39553EB27F47391009B9343 /* AuthModel.swift */,
			);
			path = AuthMVC;
			sourceTree = "<group>";
		};
		D332804327F4BE25004BABE9 /* Model */ = {
			isa = PBXGroup;
			children = (
				D31AFF6227F4FAB1007C0E9E /* AuthErrorType.swift */,
				D332804427F4BE4D004BABE9 /* UserSettings.swift */,
				D31AFF6E27F5E8C1007C0E9E /* PhotosGetResponseStruct.swift */,
				D31AFF7027F5F1F1007C0E9E /* Photo.swift */,
			);
			path = Model;
			sourceTree = "<group>";
		};
		D39553EF27F47A88009B9343 /* Extension */ = {
			isa = PBXGroup;
			children = (
				D39553ED27F47A69009B9343 /* VCExtension.swift */,
			);
			path = Extension;
			sourceTree = "<group>";
		};
		D3A65CF527F1B9C900C6E9FC /* Resources */ = {
			isa = PBXGroup;
			children = (
				D3A65CF727F1BA2100C6E9FC /* Constants */,
				D3A65CF627F1BA1600C6E9FC /* Strings */,
			);
			path = Resources;
			sourceTree = "<group>";
		};
		D3A65CF627F1BA1600C6E9FC /* Strings */ = {
			isa = PBXGroup;
			children = (
				D3A65D0227F1BDF700C6E9FC /* ButtonLabelLocalizable.strings */,
				D31AFF5B27F4F548007C0E9E /* AllertTitleLocolizable.strings */,
				D31AFF6127F4F8D6007C0E9E /* AllertMessageLocolizable.strings */,
			);
			path = Strings;
			sourceTree = "<group>";
		};
		D3A65CF727F1BA2100C6E9FC /* Constants */ = {
			isa = PBXGroup;
			children = (
				D3A65CFA27F1BD1000C6E9FC /* GeneralConstants.swift */,
			);
			path = Constants;
			sourceTree = "<group>";
		};
		D3A65D0827F1C2C600C6E9FC /* LoginScreen */ = {
			isa = PBXGroup;
			children = (
				D332803F27F4B720004BABE9 /* LoginMVC */,
				D332804027F4B739004BABE9 /* AuthMVC */,
			);
			path = LoginScreen;
			sourceTree = "<group>";
		};
		D3A65D0927F1C2D000C6E9FC /* Protocol */ = {
			isa = PBXGroup;
			children = (
				D35F53F527F4B3BD00DB65A8 /* AuthViewControllerDelegate.swift */,
				D31AFF7427F645F9007C0E9E /* LogoutDelegate.swift */,
			);
			path = Protocol;
			sourceTree = "<group>";
		};
		E524DE1C7F2025F64C93C354 /* Pods */ = {
			isa = PBXGroup;
			children = (
				148D90A12DB9BA05A6B33D22 /* Pods-mobile-up-gallery.debug.xcconfig */,
				61315178DFB06FAC81462CC1 /* Pods-mobile-up-gallery.release.xcconfig */,
			);
			path = Pods;
			sourceTree = "<group>";
		};
/* End PBXGroup section */

/* Begin PBXNativeTarget section */
		D305CE8B27EF1781006BCEBA /* mobile-up-gallery */ = {
			isa = PBXNativeTarget;
			buildConfigurationList = D305CEA027EF1784006BCEBA /* Build configuration list for PBXNativeTarget "mobile-up-gallery" */;
			buildPhases = (
				A760DD4930250AE78C572B42 /* [CP] Check Pods Manifest.lock */,
				D305CEA827F062C6006BCEBA /* SwiftLint */,
				D305CE8827EF1781006BCEBA /* Sources */,
				D305CE8927EF1781006BCEBA /* Frameworks */,
				D305CE8A27EF1781006BCEBA /* Resources */,
				2F176D15BE813ECE56E5A855 /* [CP] Embed Pods Frameworks */,
			);
			buildRules = (
			);
			dependencies = (
			);
			name = "mobile-up-gallery";
			productName = "mobile-up-gallery";
			productReference = D305CE8C27EF1781006BCEBA /* mobile-up-gallery.app */;
			productType = "com.apple.product-type.application";
		};
/* End PBXNativeTarget section */

/* Begin PBXProject section */
		D305CE8427EF1781006BCEBA /* Project object */ = {
			isa = PBXProject;
			attributes = {
				BuildIndependentTargetsInParallel = 1;
				LastSwiftUpdateCheck = 1330;
				LastUpgradeCheck = 1330;
				TargetAttributes = {
					D305CE8B27EF1781006BCEBA = {
						CreatedOnToolsVersion = 13.3;
					};
				};
			};
			buildConfigurationList = D305CE8727EF1781006BCEBA /* Build configuration list for PBXProject "mobile-up-gallery" */;
			compatibilityVersion = "Xcode 13.0";
			developmentRegion = en;
			hasScannedForEncodings = 0;
			knownRegions = (
				en,
				Base,
				ru,
			);
			mainGroup = D305CE8327EF1781006BCEBA;
			productRefGroup = D305CE8D27EF1781006BCEBA /* Products */;
			projectDirPath = "";
			projectRoot = "";
			targets = (
				D305CE8B27EF1781006BCEBA /* mobile-up-gallery */,
			);
		};
/* End PBXProject section */

/* Begin PBXResourcesBuildPhase section */
		D305CE8A27EF1781006BCEBA /* Resources */ = {
			isa = PBXResourcesBuildPhase;
			buildActionMask = 2147483647;
			files = (
				D305CE9927EF1784006BCEBA /* Assets.xcassets in Resources */,
				D31AFF5927F4F548007C0E9E /* AllertTitleLocolizable.strings in Resources */,
				D3A65D0027F1BDF700C6E9FC /* ButtonLabelLocalizable.strings in Resources */,
				D31AFF5F27F4F8D6007C0E9E /* AllertMessageLocolizable.strings in Resources */,
				D305CEA727F058B1006BCEBA /* LaunchScreen.storyboard in Resources */,
			);
			runOnlyForDeploymentPostprocessing = 0;
		};
/* End PBXResourcesBuildPhase section */

/* Begin PBXShellScriptBuildPhase section */
		2F176D15BE813ECE56E5A855 /* [CP] Embed Pods Frameworks */ = {
			isa = PBXShellScriptBuildPhase;
			buildActionMask = 2147483647;
			files = (
			);
			inputFileListPaths = (
				"${PODS_ROOT}/Target Support Files/Pods-mobile-up-gallery/Pods-mobile-up-gallery-frameworks-${CONFIGURATION}-input-files.xcfilelist",
			);
			name = "[CP] Embed Pods Frameworks";
			outputFileListPaths = (
				"${PODS_ROOT}/Target Support Files/Pods-mobile-up-gallery/Pods-mobile-up-gallery-frameworks-${CONFIGURATION}-output-files.xcfilelist",
			);
			runOnlyForDeploymentPostprocessing = 0;
			shellPath = /bin/sh;
			shellScript = "\"${PODS_ROOT}/Target Support Files/Pods-mobile-up-gallery/Pods-mobile-up-gallery-frameworks.sh\"\n";
			showEnvVarsInLog = 0;
		};
		A760DD4930250AE78C572B42 /* [CP] Check Pods Manifest.lock */ = {
			isa = PBXShellScriptBuildPhase;
			buildActionMask = 2147483647;
			files = (
			);
			inputFileListPaths = (
			);
			inputPaths = (
				"${PODS_PODFILE_DIR_PATH}/Podfile.lock",
				"${PODS_ROOT}/Manifest.lock",
			);
			name = "[CP] Check Pods Manifest.lock";
			outputFileListPaths = (
			);
			outputPaths = (
				"$(DERIVED_FILE_DIR)/Pods-mobile-up-gallery-checkManifestLockResult.txt",
			);
			runOnlyForDeploymentPostprocessing = 0;
			shellPath = /bin/sh;
			shellScript = "diff \"${PODS_PODFILE_DIR_PATH}/Podfile.lock\" \"${PODS_ROOT}/Manifest.lock\" > /dev/null\nif [ $? != 0 ] ; then\n    # print error to STDERR\n    echo \"error: The sandbox is not in sync with the Podfile.lock. Run 'pod install' or update your CocoaPods installation.\" >&2\n    exit 1\nfi\n# This output is used by Xcode 'outputs' to avoid re-running this script phase.\necho \"SUCCESS\" > \"${SCRIPT_OUTPUT_FILE_0}\"\n";
			showEnvVarsInLog = 0;
		};
		D305CEA827F062C6006BCEBA /* SwiftLint */ = {
			isa = PBXShellScriptBuildPhase;
			buildActionMask = 2147483647;
			files = (
			);
			inputFileListPaths = (
			);
			inputPaths = (
			);
			name = SwiftLint;
			outputFileListPaths = (
			);
			outputPaths = (
			);
			runOnlyForDeploymentPostprocessing = 0;
			shellPath = /bin/sh;
			shellScript = "${PODS_ROOT}/SwiftLint/swiftlint\n";
		};
/* End PBXShellScriptBuildPhase section */

/* Begin PBXSourcesBuildPhase section */
		D305CE8827EF1781006BCEBA /* Sources */ = {
			isa = PBXSourcesBuildPhase;
			buildActionMask = 2147483647;
			files = (
				D31940DB27F2DB9A007631AB /* AppColors.swift in Sources */,
				D35F53F827F4B46300DB65A8 /* LoginModel.swift in Sources */,
				D332804527F4BE4D004BABE9 /* UserSettings.swift in Sources */,
				D39553EE27F47A69009B9343 /* VCExtension.swift in Sources */,
				D31AFF7127F5F1F1007C0E9E /* Photo.swift in Sources */,
				D31AFF7527F645F9007C0E9E /* LogoutDelegate.swift in Sources */,
				D31AFF6327F4FAB1007C0E9E /* AuthErrorType.swift in Sources */,
				D31AFF6727F59AAE007C0E9E /* MainVC.swift in Sources */,
				D31AFF6D27F59FB0007C0E9E /* MainCellView.swift in Sources */,
				D3A65D0B27F209CB00C6E9FC /* MainNVC.swift in Sources */,
				D3A65D0727F1C2A900C6E9FC /* LoginView.swift in Sources */,
				D31AFF6F27F5E8C1007C0E9E /* PhotosGetResponseStruct.swift in Sources */,
				D390311F27F3A50A0048B8B8 /* AuthVC.swift in Sources */,
				D3A65D0D27F20A2200C6E9FC /* LoginVC.swift in Sources */,
				D3A65CFB27F1BD1100C6E9FC /* GeneralConstants.swift in Sources */,
				D305CE9027EF1781006BCEBA /* AppDelegate.swift in Sources */,
				D35F53F627F4B3BD00DB65A8 /* AuthViewControllerDelegate.swift in Sources */,
				D31AFF6B27F59ABF007C0E9E /* MainModel.swift in Sources */,
				D305CE9227EF1781006BCEBA /* SceneDelegate.swift in Sources */,
				D31940DD27F2DD52007631AB /* BaseLabelView.swift in Sources */,
				D39553EC27F47391009B9343 /* AuthModel.swift in Sources */,
			);
			runOnlyForDeploymentPostprocessing = 0;
		};
/* End PBXSourcesBuildPhase section */

/* Begin PBXVariantGroup section */
		D31AFF5B27F4F548007C0E9E /* AllertTitleLocolizable.strings */ = {
			isa = PBXVariantGroup;
			children = (
				D31AFF5A27F4F548007C0E9E /* en */,
				D31AFF5C27F4F54A007C0E9E /* ru */,
			);
			name = AllertTitleLocolizable.strings;
			sourceTree = "<group>";
		};
		D31AFF6127F4F8D6007C0E9E /* AllertMessageLocolizable.strings */ = {
			isa = PBXVariantGroup;
			children = (
				D31AFF6027F4F8D6007C0E9E /* en */,
				D31AFF6427F4FC0A007C0E9E /* ru */,
			);
			name = AllertMessageLocolizable.strings;
			sourceTree = "<group>";
		};
		D3A65D0227F1BDF700C6E9FC /* ButtonLabelLocalizable.strings */ = {
			isa = PBXVariantGroup;
			children = (
				D3A65D0127F1BDF700C6E9FC /* en */,
				D3A65D0327F1BDF800C6E9FC /* ru */,
			);
			name = ButtonLabelLocalizable.strings;
			sourceTree = "<group>";
		};
/* End PBXVariantGroup section */

/* Begin XCBuildConfiguration section */
		D305CE9E27EF1784006BCEBA /* Debug */ = {
			isa = XCBuildConfiguration;
			buildSettings = {
				ALWAYS_SEARCH_USER_PATHS = NO;
				CLANG_ANALYZER_NONNULL = YES;
				CLANG_ANALYZER_NUMBER_OBJECT_CONVERSION = YES_AGGRESSIVE;
				CLANG_CXX_LANGUAGE_STANDARD = "gnu++17";
				CLANG_ENABLE_MODULES = YES;
				CLANG_ENABLE_OBJC_ARC = YES;
				CLANG_ENABLE_OBJC_WEAK = YES;
				CLANG_WARN_BLOCK_CAPTURE_AUTORELEASING = YES;
				CLANG_WARN_BOOL_CONVERSION = YES;
				CLANG_WARN_COMMA = YES;
				CLANG_WARN_CONSTANT_CONVERSION = YES;
				CLANG_WARN_DEPRECATED_OBJC_IMPLEMENTATIONS = YES;
				CLANG_WARN_DIRECT_OBJC_ISA_USAGE = YES_ERROR;
				CLANG_WARN_DOCUMENTATION_COMMENTS = YES;
				CLANG_WARN_EMPTY_BODY = YES;
				CLANG_WARN_ENUM_CONVERSION = YES;
				CLANG_WARN_INFINITE_RECURSION = YES;
				CLANG_WARN_INT_CONVERSION = YES;
				CLANG_WARN_NON_LITERAL_NULL_CONVERSION = YES;
				CLANG_WARN_OBJC_IMPLICIT_RETAIN_SELF = YES;
				CLANG_WARN_OBJC_LITERAL_CONVERSION = YES;
				CLANG_WARN_OBJC_ROOT_CLASS = YES_ERROR;
				CLANG_WARN_QUOTED_INCLUDE_IN_FRAMEWORK_HEADER = YES;
				CLANG_WARN_RANGE_LOOP_ANALYSIS = YES;
				CLANG_WARN_STRICT_PROTOTYPES = YES;
				CLANG_WARN_SUSPICIOUS_MOVE = YES;
				CLANG_WARN_UNGUARDED_AVAILABILITY = YES_AGGRESSIVE;
				CLANG_WARN_UNREACHABLE_CODE = YES;
				CLANG_WARN__DUPLICATE_METHOD_MATCH = YES;
				COPY_PHASE_STRIP = NO;
				DEBUG_INFORMATION_FORMAT = dwarf;
				ENABLE_STRICT_OBJC_MSGSEND = YES;
				ENABLE_TESTABILITY = YES;
				GCC_C_LANGUAGE_STANDARD = gnu11;
				GCC_DYNAMIC_NO_PIC = NO;
				GCC_NO_COMMON_BLOCKS = YES;
				GCC_OPTIMIZATION_LEVEL = 0;
				GCC_PREPROCESSOR_DEFINITIONS = (
					"DEBUG=1",
					"$(inherited)",
				);
				GCC_WARN_64_TO_32_BIT_CONVERSION = YES;
				GCC_WARN_ABOUT_RETURN_TYPE = YES_ERROR;
				GCC_WARN_UNDECLARED_SELECTOR = YES;
				GCC_WARN_UNINITIALIZED_AUTOS = YES_AGGRESSIVE;
				GCC_WARN_UNUSED_FUNCTION = YES;
				GCC_WARN_UNUSED_VARIABLE = YES;
				IPHONEOS_DEPLOYMENT_TARGET = 13.0;
				MTL_ENABLE_DEBUG_INFO = INCLUDE_SOURCE;
				MTL_FAST_MATH = YES;
				ONLY_ACTIVE_ARCH = YES;
				SDKROOT = iphoneos;
				SWIFT_ACTIVE_COMPILATION_CONDITIONS = DEBUG;
				SWIFT_OPTIMIZATION_LEVEL = "-Onone";
			};
			name = Debug;
		};
		D305CE9F27EF1784006BCEBA /* Release */ = {
			isa = XCBuildConfiguration;
			buildSettings = {
				ALWAYS_SEARCH_USER_PATHS = NO;
				CLANG_ANALYZER_NONNULL = YES;
				CLANG_ANALYZER_NUMBER_OBJECT_CONVERSION = YES_AGGRESSIVE;
				CLANG_CXX_LANGUAGE_STANDARD = "gnu++17";
				CLANG_ENABLE_MODULES = YES;
				CLANG_ENABLE_OBJC_ARC = YES;
				CLANG_ENABLE_OBJC_WEAK = YES;
				CLANG_WARN_BLOCK_CAPTURE_AUTORELEASING = YES;
				CLANG_WARN_BOOL_CONVERSION = YES;
				CLANG_WARN_COMMA = YES;
				CLANG_WARN_CONSTANT_CONVERSION = YES;
				CLANG_WARN_DEPRECATED_OBJC_IMPLEMENTATIONS = YES;
				CLANG_WARN_DIRECT_OBJC_ISA_USAGE = YES_ERROR;
				CLANG_WARN_DOCUMENTATION_COMMENTS = YES;
				CLANG_WARN_EMPTY_BODY = YES;
				CLANG_WARN_ENUM_CONVERSION = YES;
				CLANG_WARN_INFINITE_RECURSION = YES;
				CLANG_WARN_INT_CONVERSION = YES;
				CLANG_WARN_NON_LITERAL_NULL_CONVERSION = YES;
				CLANG_WARN_OBJC_IMPLICIT_RETAIN_SELF = YES;
				CLANG_WARN_OBJC_LITERAL_CONVERSION = YES;
				CLANG_WARN_OBJC_ROOT_CLASS = YES_ERROR;
				CLANG_WARN_QUOTED_INCLUDE_IN_FRAMEWORK_HEADER = YES;
				CLANG_WARN_RANGE_LOOP_ANALYSIS = YES;
				CLANG_WARN_STRICT_PROTOTYPES = YES;
				CLANG_WARN_SUSPICIOUS_MOVE = YES;
				CLANG_WARN_UNGUARDED_AVAILABILITY = YES_AGGRESSIVE;
				CLANG_WARN_UNREACHABLE_CODE = YES;
				CLANG_WARN__DUPLICATE_METHOD_MATCH = YES;
				COPY_PHASE_STRIP = NO;
				DEBUG_INFORMATION_FORMAT = "dwarf-with-dsym";
				ENABLE_NS_ASSERTIONS = NO;
				ENABLE_STRICT_OBJC_MSGSEND = YES;
				GCC_C_LANGUAGE_STANDARD = gnu11;
				GCC_NO_COMMON_BLOCKS = YES;
				GCC_WARN_64_TO_32_BIT_CONVERSION = YES;
				GCC_WARN_ABOUT_RETURN_TYPE = YES_ERROR;
				GCC_WARN_UNDECLARED_SELECTOR = YES;
				GCC_WARN_UNINITIALIZED_AUTOS = YES_AGGRESSIVE;
				GCC_WARN_UNUSED_FUNCTION = YES;
				GCC_WARN_UNUSED_VARIABLE = YES;
				IPHONEOS_DEPLOYMENT_TARGET = 13.0;
				MTL_ENABLE_DEBUG_INFO = NO;
				MTL_FAST_MATH = YES;
				SDKROOT = iphoneos;
				SWIFT_COMPILATION_MODE = wholemodule;
				SWIFT_OPTIMIZATION_LEVEL = "-O";
				VALIDATE_PRODUCT = YES;
			};
			name = Release;
		};
		D305CEA127EF1784006BCEBA /* Debug */ = {
			isa = XCBuildConfiguration;
			baseConfigurationReference = 148D90A12DB9BA05A6B33D22 /* Pods-mobile-up-gallery.debug.xcconfig */;
			buildSettings = {
				ASSETCATALOG_COMPILER_APPICON_NAME = AppIcon;
				ASSETCATALOG_COMPILER_GLOBAL_ACCENT_COLOR_NAME = AccentColor;
				CODE_SIGN_STYLE = Automatic;
				CURRENT_PROJECT_VERSION = 1;
				DEVELOPMENT_TEAM = M52WLQFE2R;
				GENERATE_INFOPLIST_FILE = YES;
				INFOPLIST_FILE = "mobile-up-gallery/Info.plist";
				INFOPLIST_KEY_CFBundleDisplayName = "Mobile Up Gallery";
				INFOPLIST_KEY_UIApplicationSupportsIndirectInputEvents = YES;
				INFOPLIST_KEY_UILaunchStoryboardName = LaunchScreen;
				INFOPLIST_KEY_UISupportedInterfaceOrientations = UIInterfaceOrientationPortrait;
				INFOPLIST_KEY_UISupportedInterfaceOrientations_iPad = "UIInterfaceOrientationPortrait UIInterfaceOrientationPortraitUpsideDown UIInterfaceOrientationLandscapeLeft UIInterfaceOrientationLandscapeRight";
				INFOPLIST_KEY_UISupportedInterfaceOrientations_iPhone = "UIInterfaceOrientationPortrait UIInterfaceOrientationLandscapeLeft UIInterfaceOrientationLandscapeRight";
				LD_RUNPATH_SEARCH_PATHS = (
					"$(inherited)",
					"@executable_path/Frameworks",
				);
				MARKETING_VERSION = 1.0;
				PRODUCT_BUNDLE_IDENTIFIER = "Ilia-Chub.mobile-up-gallery";
				PRODUCT_NAME = "$(TARGET_NAME)";
				SWIFT_EMIT_LOC_STRINGS = YES;
				SWIFT_VERSION = 5.0;
				TARGETED_DEVICE_FAMILY = 1;
			};
			name = Debug;
		};
		D305CEA227EF1784006BCEBA /* Release */ = {
			isa = XCBuildConfiguration;
			baseConfigurationReference = 61315178DFB06FAC81462CC1 /* Pods-mobile-up-gallery.release.xcconfig */;
			buildSettings = {
				ASSETCATALOG_COMPILER_APPICON_NAME = AppIcon;
				ASSETCATALOG_COMPILER_GLOBAL_ACCENT_COLOR_NAME = AccentColor;
				CODE_SIGN_STYLE = Automatic;
				CURRENT_PROJECT_VERSION = 1;
				DEVELOPMENT_TEAM = M52WLQFE2R;
				GENERATE_INFOPLIST_FILE = YES;
				INFOPLIST_FILE = "mobile-up-gallery/Info.plist";
				INFOPLIST_KEY_CFBundleDisplayName = "Mobile Up Gallery";
				INFOPLIST_KEY_UIApplicationSupportsIndirectInputEvents = YES;
				INFOPLIST_KEY_UILaunchStoryboardName = LaunchScreen;
				INFOPLIST_KEY_UISupportedInterfaceOrientations = UIInterfaceOrientationPortrait;
				INFOPLIST_KEY_UISupportedInterfaceOrientations_iPad = "UIInterfaceOrientationPortrait UIInterfaceOrientationPortraitUpsideDown UIInterfaceOrientationLandscapeLeft UIInterfaceOrientationLandscapeRight";
				INFOPLIST_KEY_UISupportedInterfaceOrientations_iPhone = "UIInterfaceOrientationPortrait UIInterfaceOrientationLandscapeLeft UIInterfaceOrientationLandscapeRight";
				LD_RUNPATH_SEARCH_PATHS = (
					"$(inherited)",
					"@executable_path/Frameworks",
				);
				MARKETING_VERSION = 1.0;
				PRODUCT_BUNDLE_IDENTIFIER = "Ilia-Chub.mobile-up-gallery";
				PRODUCT_NAME = "$(TARGET_NAME)";
				SWIFT_EMIT_LOC_STRINGS = YES;
				SWIFT_VERSION = 5.0;
				TARGETED_DEVICE_FAMILY = 1;
			};
			name = Release;
		};
/* End XCBuildConfiguration section */

/* Begin XCConfigurationList section */
		D305CE8727EF1781006BCEBA /* Build configuration list for PBXProject "mobile-up-gallery" */ = {
			isa = XCConfigurationList;
			buildConfigurations = (
				D305CE9E27EF1784006BCEBA /* Debug */,
				D305CE9F27EF1784006BCEBA /* Release */,
			);
			defaultConfigurationIsVisible = 0;
			defaultConfigurationName = Release;
		};
		D305CEA027EF1784006BCEBA /* Build configuration list for PBXNativeTarget "mobile-up-gallery" */ = {
			isa = XCConfigurationList;
			buildConfigurations = (
				D305CEA127EF1784006BCEBA /* Debug */,
				D305CEA227EF1784006BCEBA /* Release */,
			);
			defaultConfigurationIsVisible = 0;
			defaultConfigurationName = Release;
		};
/* End XCConfigurationList section */
	};
	rootObject = D305CE8427EF1781006BCEBA /* Project object */;
}
